
Microsoft Visual Studio Solution File, Format Version 12.00
# Visual Studio Version 17
VisualStudioVersion = 17.6.33815.320
MinimumVisualStudioVersion = 10.0.40219.1
Project("{9A19103F-16F7-4668-BE54-9A1E7A4F7556}") = "ASP.NET-CORE-Model-View-Controller", "ASP.NET-CORE-Model-View-Controller\ASP.NET-CORE-Model-View-Controller.csproj", "{16FEF718-8414-4C87-A979-18A1807A2B8C}"
EndProject
Global
	GlobalSection(SolutionConfigurationPlatforms) = preSolution
		Debug|Any CPU = Debug|Any CPU
		Release|Any CPU = Release|Any CPU
	EndGlobalSection
	GlobalSection(ProjectConfigurationPlatforms) = postSolution
		{16FEF718-8414-4C87-A979-18A1807A2B8C}.Debug|Any CPU.ActiveCfg = Debug|Any CPU
		{16FEF718-8414-4C87-A979-18A1807A2B8C}.Debug|Any CPU.Build.0 = Debug|Any CPU
		{16FEF718-8414-4C87-A979-18A1807A2B8C}.Release|Any CPU.ActiveCfg = Release|Any CPU
		{16FEF718-8414-4C87-A979-18A1807A2B8C}.Release|Any CPU.Build.0 = Release|Any CPU
	EndGlobalSection
	GlobalSection(SolutionProperties) = preSolution
		HideSolutionNode = FALSE
	EndGlobalSection
	GlobalSection(ExtensibilityGlobals) = postSolution
		SolutionGuid = {8C255911-D6EE-418A-B21D-7F3482038C7F}
	EndGlobalSection
EndGlobal
